// !$*UTF8*$!
{
	archiveVersion = 1;
	classes = {
	};
	objectVersion = 56;
	objects = {

/* Begin PBXBuildFile section */
		FFD964D42A58DAFC0020DED4 /* G.wav in Resources */ = {isa = PBXBuildFile; fileRef = FFD964CD2A58DAFC0020DED4 /* G.wav */; };
		FFD964D52A58DAFC0020DED4 /* C.wav in Resources */ = {isa = PBXBuildFile; fileRef = FFD964CE2A58DAFC0020DED4 /* C.wav */; };
		FFD964D62A58DAFC0020DED4 /* E.wav in Resources */ = {isa = PBXBuildFile; fileRef = FFD964CF2A58DAFC0020DED4 /* E.wav */; };
		FFD964D72A58DAFC0020DED4 /* B.wav in Resources */ = {isa = PBXBuildFile; fileRef = FFD964D02A58DAFC0020DED4 /* B.wav */; };
		FFD964D82A58DAFC0020DED4 /* D.wav in Resources */ = {isa = PBXBuildFile; fileRef = FFD964D12A58DAFC0020DED4 /* D.wav */; };
		FFD964D92A58DAFC0020DED4 /* A.wav in Resources */ = {isa = PBXBuildFile; fileRef = FFD964D22A58DAFC0020DED4 /* A.wav */; };
		FFD964DA2A58DAFC0020DED4 /* F.wav in Resources */ = {isa = PBXBuildFile; fileRef = FFD964D32A58DAFC0020DED4 /* F.wav */; };
		FFF965312A58CFA200BFF33E /* AppDelegate.swift in Sources */ = {isa = PBXBuildFile; fileRef = FFF965302A58CFA200BFF33E /* AppDelegate.swift */; };
		FFF965332A58CFA200BFF33E /* SceneDelegate.swift in Sources */ = {isa = PBXBuildFile; fileRef = FFF965322A58CFA200BFF33E /* SceneDelegate.swift */; };
		FFF965352A58CFA200BFF33E /* ViewController.swift in Sources */ = {isa = PBXBuildFile; fileRef = FFF965342A58CFA200BFF33E /* ViewController.swift */; };
		FFF965382A58CFA200BFF33E /* Main.storyboard in Resources */ = {isa = PBXBuildFile; fileRef = FFF965362A58CFA200BFF33E /* Main.storyboard */; };
		FFF9653A2A58CFA400BFF33E /* Assets.xcassets in Resources */ = {isa = PBXBuildFile; fileRef = FFF965392A58CFA400BFF33E /* Assets.xcassets */; };
		FFF9653D2A58CFA400BFF33E /* LaunchScreen.storyboard in Resources */ = {isa = PBXBuildFile; fileRef = FFF9653B2A58CFA400BFF33E /* LaunchScreen.storyboard */; };
/* End PBXBuildFile section */

/* Begin PBXFileReference section */
		FFD964CD2A58DAFC0020DED4 /* G.wav */ = {isa = PBXFileReference; lastKnownFileType = audio.wav; path = G.wav; sourceTree = "<group>"; };
		FFD964CE2A58DAFC0020DED4 /* C.wav */ = {isa = PBXFileReference; lastKnownFileType = audio.wav; path = C.wav; sourceTree = "<group>"; };
		FFD964CF2A58DAFC0020DED4 /* E.wav */ = {isa = PBXFileReference; lastKnownFileType = audio.wav; path = E.wav; sourceTree = "<group>"; };
		FFD964D02A58DAFC0020DED4 /* B.wav */ = {isa = PBXFileReference; lastKnownFileType = audio.wav; path = B.wav; sourceTree = "<group>"; };
		FFD964D12A58DAFC0020DED4 /* D.wav */ = {isa = PBXFileReference; lastKnownFileType = audio.wav; path = D.wav; sourceTree = "<group>"; };
		FFD964D22A58DAFC0020DED4 /* A.wav */ = {isa = PBXFileReference; lastKnownFileType = audio.wav; path = A.wav; sourceTree = "<group>"; };
		FFD964D32A58DAFC0020DED4 /* F.wav */ = {isa = PBXFileReference; lastKnownFileType = audio.wav; path = F.wav; sourceTree = "<group>"; };
		FFF9652D2A58CFA200BFF33E /* Xylophone.app */ = {isa = PBXFileReference; explicitFileType = wrapper.application; includeInIndex = 0; path = Xylophone.app; sourceTree = BUILT_PRODUCTS_DIR; };
		FFF965302A58CFA200BFF33E /* AppDelegate.swift */ = {isa = PBXFileReference; lastKnownFileType = sourcecode.swift; path = AppDelegate.swift; sourceTree = "<group>"; };
		FFF965322A58CFA200BFF33E /* SceneDelegate.swift */ = {isa = PBXFileReference; lastKnownFileType = sourcecode.swift; path = SceneDelegate.swift; sourceTree = "<group>"; };
		FFF965342A58CFA200BFF33E /* ViewController.swift */ = {isa = PBXFileReference; lastKnownFileType = sourcecode.swift; path = ViewController.swift; sourceTree = "<group>"; };
		FFF965372A58CFA200BFF33E /* Base */ = {isa = PBXFileReference; lastKnownFileType = file.storyboard; name = Base; path = Base.lproj/Main.storyboard; sourceTree = "<group>"; };
		FFF965392A58CFA400BFF33E /* Assets.xcassets */ = {isa = PBXFileReference; lastKnownFileType = folder.assetcatalog; path = Assets.xcassets; sourceTree = "<group>"; };
		FFF9653C2A58CFA400BFF33E /* Base */ = {isa = PBXFileReference; lastKnownFileType = file.storyboard; name = Base; path = Base.lproj/LaunchScreen.storyboard; sourceTree = "<group>"; };
		FFF9653E2A58CFA400BFF33E /* Info.plist */ = {isa = PBXFileReference; lastKnownFileType = text.plist.xml; path = Info.plist; sourceTree = "<group>"; };
/* End PBXFileReference section */

/* Begin PBXFrameworksBuildPhase section */
		FFF9652A2A58CFA200BFF33E /* Frameworks */ = {
			isa = PBXFrameworksBuildPhase;
			buildActionMask = 2147483647;
			files = (
			);
			runOnlyForDeploymentPostprocessing = 0;
		};
/* End PBXFrameworksBuildPhase section */

/* Begin PBXGroup section */
		FFD964CC2A58DADA0020DED4 /* Sounds */ = {
			isa = PBXGroup;
			children = (
				FFD964D22A58DAFC0020DED4 /* A.wav */,
				FFD964D02A58DAFC0020DED4 /* B.wav */,
				FFD964CE2A58DAFC0020DED4 /* C.wav */,
				FFD964D12A58DAFC0020DED4 /* D.wav */,
				FFD964CF2A58DAFC0020DED4 /* E.wav */,
				FFD964D32A58DAFC0020DED4 /* F.wav */,
				FFD964CD2A58DAFC0020DED4 /* G.wav */,
			);
			path = Sounds;
			sourceTree = "<group>";
		};
		FFF965242A58CFA200BFF33E = {
			isa = PBXGroup;
			children = (
				FFF9652F2A58CFA200BFF33E /* Xylophone */,
				FFF9652E2A58CFA200BFF33E /* Products */,
			);
			sourceTree = "<group>";
		};
		FFF9652E2A58CFA200BFF33E /* Products */ = {
			isa = PBXGroup;
			children = (
				FFF9652D2A58CFA200BFF33E /* Xylophone.app */,
			);
			name = Products;
			sourceTree = "<group>";
		};
		FFF9652F2A58CFA200BFF33E /* Xylophone */ = {
			isa = PBXGroup;
			children = (
				FFF965302A58CFA200BFF33E /* AppDelegate.swift */,
				FFF965322A58CFA200BFF33E /* SceneDelegate.swift */,
				FFF965342A58CFA200BFF33E /* ViewController.swift */,
				FFF965362A58CFA200BFF33E /* Main.storyboard */,
				FFF965392A58CFA400BFF33E /* Assets.xcassets */,
				FFF9653B2A58CFA400BFF33E /* LaunchScreen.storyboard */,
				FFF9653E2A58CFA400BFF33E /* Info.plist */,
				FFD964CC2A58DADA0020DED4 /* Sounds */,
			);
			path = Xylophone;
			sourceTree = "<group>";
		};
/* End PBXGroup section */

/* Begin PBXNativeTarget section */
		FFF9652C2A58CFA200BFF33E /* Xylophone */ = {
			isa = PBXNativeTarget;
			buildConfigurationList = FFF965412A58CFA400BFF33E /* Build configuration list for PBXNativeTarget "Xylophone" */;
			buildPhases = (
				FFF965292A58CFA200BFF33E /* Sources */,
				FFF9652A2A58CFA200BFF33E /* Frameworks */,
				FFF9652B2A58CFA200BFF33E /* Resources */,
			);
			buildRules = (
			);
			dependencies = (
			);
			name = Xylophone;
			productName = Xylophone;
			productReference = FFF9652D2A58CFA200BFF33E /* Xylophone.app */;
			productType = "com.apple.product-type.application";
		};
/* End PBXNativeTarget section */

/* Begin PBXProject section */
		FFF965252A58CFA200BFF33E /* Project object */ = {
			isa = PBXProject;
			attributes = {
				BuildIndependentTargetsInParallel = 1;
				LastSwiftUpdateCheck = 1430;
				LastUpgradeCheck = 1430;
				TargetAttributes = {
					FFF9652C2A58CFA200BFF33E = {
						CreatedOnToolsVersion = 14.3.1;
					};
				};
			};
			buildConfigurationList = FFF965282A58CFA200BFF33E /* Build configuration list for PBXProject "Xylophone" */;
			compatibilityVersion = "Xcode 14.0";
			developmentRegion = en;
			hasScannedForEncodings = 0;
			knownRegions = (
				en,
				Base,
			);
			mainGroup = FFF965242A58CFA200BFF33E;
			productRefGroup = FFF9652E2A58CFA200BFF33E /* Products */;
			projectDirPath = "";
			projectRoot = "";
			targets = (
				FFF9652C2A58CFA200BFF33E /* Xylophone */,
			);
		};
/* End PBXProject section */

/* Begin PBXResourcesBuildPhase section */
		FFF9652B2A58CFA200BFF33E /* Resources */ = {
			isa = PBXResourcesBuildPhase;
			buildActionMask = 2147483647;
			files = (
				FFD964D92A58DAFC0020DED4 /* A.wav in Resources */,
				FFD964D62A58DAFC0020DED4 /* E.wav in Resources */,
				FFD964D42A58DAFC0020DED4 /* G.wav in Resources */,
				FFD964DA2A58DAFC0020DED4 /* F.wav in Resources */,
				FFF9653D2A58CFA400BFF33E /* LaunchScreen.storyboard in Resources */,
				FFD964D72A58DAFC0020DED4 /* B.wav in Resources */,
				FFF9653A2A58CFA400BFF33E /* Assets.xcassets in Resources */,
				FFD964D82A58DAFC0020DED4 /* D.wav in Resources */,
				FFF965382A58CFA200BFF33E /* Main.storyboard in Resources */,
				FFD964D52A58DAFC0020DED4 /* C.wav in Resources */,
			);
			runOnlyForDeploymentPostprocessing = 0;
		};
/* End PBXResourcesBuildPhase section */

/* Begin PBXSourcesBuildPhase section */
		FFF965292A58CFA200BFF33E /* Sources */ = {
			isa = PBXSourcesBuildPhase;
			buildActionMask = 2147483647;
			files = (
				FFF965352A58CFA200BFF33E /* ViewController.swift in Sources */,
				FFF965312A58CFA200BFF33E /* AppDelegate.swift in Sources */,
				FFF965332A58CFA200BFF33E /* SceneDelegate.swift in Sources */,
			);
			runOnlyForDeploymentPostprocessing = 0;
		};
/* End PBXSourcesBuildPhase section */

/* Begin PBXVariantGroup section */
		FFF965362A58CFA200BFF33E /* Main.storyboard */ = {
			isa = PBXVariantGroup;
			children = (
				FFF965372A58CFA200BFF33E /* Base */,
			);
			name = Main.storyboard;
			sourceTree = "<group>";
		};
		FFF9653B2A58CFA400BFF33E /* LaunchScreen.storyboard */ = {
			isa = PBXVariantGroup;
			children = (
				FFF9653C2A58CFA400BFF33E /* Base */,
			);
			name = LaunchScreen.storyboard;
			sourceTree = "<group>";
		};
/* End PBXVariantGroup section */

/* Begin XCBuildConfiguration section */
		FFF9653F2A58CFA400BFF33E /* Debug */ = {
			isa = XCBuildConfiguration;
			buildSettings = {
				ALWAYS_SEARCH_USER_PATHS = NO;
				CLANG_ANALYZER_NONNULL = YES;
				CLANG_ANALYZER_NUMBER_OBJECT_CONVERSION = YES_AGGRESSIVE;
				CLANG_CXX_LANGUAGE_STANDARD = "gnu++20";
				CLANG_ENABLE_MODULES = YES;
				CLANG_ENABLE_OBJC_ARC = YES;
				CLANG_ENABLE_OBJC_WEAK = YES;
				CLANG_WARN_BLOCK_CAPTURE_AUTORELEASING = YES;
				CLANG_WARN_BOOL_CONVERSION = YES;
				CLANG_WARN_COMMA = YES;
				CLANG_WARN_CONSTANT_CONVERSION = YES;
				CLANG_WARN_DEPRECATED_OBJC_IMPLEMENTATIONS = YES;
				CLANG_WARN_DIRECT_OBJC_ISA_USAGE = YES_ERROR;
				CLANG_WARN_DOCUMENTATION_COMMENTS = YES;
				CLANG_WARN_EMPTY_BODY = YES;
				CLANG_WARN_ENUM_CONVERSION = YES;
				CLANG_WARN_INFINITE_RECURSION = YES;
				CLANG_WARN_INT_CONVERSION = YES;
				CLANG_WARN_NON_LITERAL_NULL_CONVERSION = YES;
				CLANG_WARN_OBJC_IMPLICIT_RETAIN_SELF = YES;
				CLANG_WARN_OBJC_LITERAL_CONVERSION = YES;
				CLANG_WARN_OBJC_ROOT_CLASS = YES_ERROR;
				CLANG_WARN_QUOTED_INCLUDE_IN_FRAMEWORK_HEADER = YES;
				CLANG_WARN_RANGE_LOOP_ANALYSIS = YES;
				CLANG_WARN_STRICT_PROTOTYPES = YES;
				CLANG_WARN_SUSPICIOUS_MOVE = YES;
				CLANG_WARN_UNGUARDED_AVAILABILITY = YES_AGGRESSIVE;
				CLANG_WARN_UNREACHABLE_CODE = YES;
				CLANG_WARN__DUPLICATE_METHOD_MATCH = YES;
				COPY_PHASE_STRIP = NO;
				DEBUG_INFORMATION_FORMAT = dwarf;
				ENABLE_STRICT_OBJC_MSGSEND = YES;
				ENABLE_TESTABILITY = YES;
				GCC_C_LANGUAGE_STANDARD = gnu11;
				GCC_DYNAMIC_NO_PIC = NO;
				GCC_NO_COMMON_BLOCKS = YES;
				GCC_OPTIMIZATION_LEVEL = 0;
				GCC_PREPROCESSOR_DEFINITIONS = (
					"DEBUG=1",
					"$(inherited)",
				);
				GCC_WARN_64_TO_32_BIT_CONVERSION = YES;
				GCC_WARN_ABOUT_RETURN_TYPE = YES_ERROR;
				GCC_WARN_UNDECLARED_SELECTOR = YES;
				GCC_WARN_UNINITIALIZED_AUTOS = YES_AGGRESSIVE;
				GCC_WARN_UNUSED_FUNCTION = YES;
				GCC_WARN_UNUSED_VARIABLE = YES;
				IPHONEOS_DEPLOYMENT_TARGET = 13.0;
				MTL_ENABLE_DEBUG_INFO = INCLUDE_SOURCE;
				MTL_FAST_MATH = YES;
				ONLY_ACTIVE_ARCH = YES;
				SDKROOT = iphoneos;
				SWIFT_ACTIVE_COMPILATION_CONDITIONS = DEBUG;
				SWIFT_OPTIMIZATION_LEVEL = "-Onone";
			};
			name = Debug;
		};
		FFF965402A58CFA400BFF33E /* Release */ = {
			isa = XCBuildConfiguration;
			buildSettings = {
				ALWAYS_SEARCH_USER_PATHS = NO;
				CLANG_ANALYZER_NONNULL = YES;
				CLANG_ANALYZER_NUMBER_OBJECT_CONVERSION = YES_AGGRESSIVE;
				CLANG_CXX_LANGUAGE_STANDARD = "gnu++20";
				CLANG_ENABLE_MODULES = YES;
				CLANG_ENABLE_OBJC_ARC = YES;
				CLANG_ENABLE_OBJC_WEAK = YES;
				CLANG_WARN_BLOCK_CAPTURE_AUTORELEASING = YES;
				CLANG_WARN_BOOL_CONVERSION = YES;
				CLANG_WARN_COMMA = YES;
				CLANG_WARN_CONSTANT_CONVERSION = YES;
				CLANG_WARN_DEPRECATED_OBJC_IMPLEMENTATIONS = YES;
				CLANG_WARN_DIRECT_OBJC_ISA_USAGE = YES_ERROR;
				CLANG_WARN_DOCUMENTATION_COMMENTS = YES;
				CLANG_WARN_EMPTY_BODY = YES;
				CLANG_WARN_ENUM_CONVERSION = YES;
				CLANG_WARN_INFINITE_RECURSION = YES;
				CLANG_WARN_INT_CONVERSION = YES;
				CLANG_WARN_NON_LITERAL_NULL_CONVERSION = YES;
				CLANG_WARN_OBJC_IMPLICIT_RETAIN_SELF = YES;
				CLANG_WARN_OBJC_LITERAL_CONVERSION = YES;
				CLANG_WARN_OBJC_ROOT_CLASS = YES_ERROR;
				CLANG_WARN_QUOTED_INCLUDE_IN_FRAMEWORK_HEADER = YES;
				CLANG_WARN_RANGE_LOOP_ANALYSIS = YES;
				CLANG_WARN_STRICT_PROTOTYPES = YES;
				CLANG_WARN_SUSPICIOUS_MOVE = YES;
				CLANG_WARN_UNGUARDED_AVAILABILITY = YES_AGGRESSIVE;
				CLANG_WARN_UNREACHABLE_CODE = YES;
				CLANG_WARN__DUPLICATE_METHOD_MATCH = YES;
				COPY_PHASE_STRIP = NO;
				DEBUG_INFORMATION_FORMAT = "dwarf-with-dsym";
				ENABLE_NS_ASSERTIONS = NO;
				ENABLE_STRICT_OBJC_MSGSEND = YES;
				GCC_C_LANGUAGE_STANDARD = gnu11;
				GCC_NO_COMMON_BLOCKS = YES;
				GCC_WARN_64_TO_32_BIT_CONVERSION = YES;
				GCC_WARN_ABOUT_RETURN_TYPE = YES_ERROR;
				GCC_WARN_UNDECLARED_SELECTOR = YES;
				GCC_WARN_UNINITIALIZED_AUTOS = YES_AGGRESSIVE;
				GCC_WARN_UNUSED_FUNCTION = YES;
				GCC_WARN_UNUSED_VARIABLE = YES;
				IPHONEOS_DEPLOYMENT_TARGET = 13.0;
				MTL_ENABLE_DEBUG_INFO = NO;
				MTL_FAST_MATH = YES;
				SDKROOT = iphoneos;
				SWIFT_COMPILATION_MODE = wholemodule;
				SWIFT_OPTIMIZATION_LEVEL = "-O";
				VALIDATE_PRODUCT = YES;
			};
			name = Release;
		};
		FFF965422A58CFA400BFF33E /* Debug */ = {
			isa = XCBuildConfiguration;
			buildSettings = {
				ASSETCATALOG_COMPILER_APPICON_NAME = AppIcon;
				ASSETCATALOG_COMPILER_GLOBAL_ACCENT_COLOR_NAME = AccentColor;
				CODE_SIGN_STYLE = Automatic;
				CURRENT_PROJECT_VERSION = 1;
				DEVELOPMENT_TEAM = 4N7FK3KPDK;
				GENERATE_INFOPLIST_FILE = YES;
				INFOPLIST_FILE = Xylophone/Info.plist;
				INFOPLIST_KEY_LSApplicationCategoryType = "public.app-category.music";
				INFOPLIST_KEY_UIApplicationSupportsIndirectInputEvents = YES;
				INFOPLIST_KEY_UILaunchStoryboardName = LaunchScreen;
				INFOPLIST_KEY_UIMainStoryboardFile = Main;
				INFOPLIST_KEY_UISupportedInterfaceOrientations = UIInterfaceOrientationPortrait;
				INFOPLIST_KEY_UISupportedInterfaceOrientations_iPad = "UIInterfaceOrientationPortrait UIInterfaceOrientationPortraitUpsideDown";
				IPHONEOS_DEPLOYMENT_TARGET = 13.0;
				LD_RUNPATH_SEARCH_PATHS = (
					"$(inherited)",
					"@executable_path/Frameworks",
				);
				MARKETING_VERSION = 1.0;
				PRODUCT_BUNDLE_IDENTIFIER = com.koralturk.Xylophone;
				PRODUCT_NAME = "$(TARGET_NAME)";
				SWIFT_EMIT_LOC_STRINGS = YES;
				SWIFT_VERSION = 5.0;
				TARGETED_DEVICE_FAMILY = "1,2";
			};
			name = Debug;
		};
		FFF965432A58CFA400BFF33E /* Release */ = {
			isa = XCBuildConfiguration;
			buildSettings = {
				ASSETCATALOG_COMPILER_APPICON_NAME = AppIcon;
				ASSETCATALOG_COMPILER_GLOBAL_ACCENT_COLOR_NAME = AccentColor;
				CODE_SIGN_STYLE = Automatic;
				CURRENT_PROJECT_VERSION = 1;
				DEVELOPMENT_TEAM = 4N7FK3KPDK;
				GENERATE_INFOPLIST_FILE = YES;
				INFOPLIST_FILE = Xylophone/Info.plist;
				INFOPLIST_KEY_LSApplicationCategoryType = "public.app-category.music";
				INFOPLIST_KEY_UIApplicationSupportsIndirectInputEvents = YES;
				INFOPLIST_KEY_UILaunchStoryboardName = LaunchScreen;
				INFOPLIST_KEY_UIMainStoryboardFile = Main;
				INFOPLIST_KEY_UISupportedInterfaceOrientations = UIInterfaceOrientationPortrait;
				INFOPLIST_KEY_UISupportedInterfaceOrientations_iPad = "UIInterfaceOrientationPortrait UIInterfaceOrientationPortraitUpsideDown";
				IPHONEOS_DEPLOYMENT_TARGET = 13.0;
				LD_RUNPATH_SEARCH_PATHS = (
					"$(inherited)",
					"@executable_path/Frameworks",
				);
				MARKETING_VERSION = 1.0;
				PRODUCT_BUNDLE_IDENTIFIER = com.koralturk.Xylophone;
				PRODUCT_NAME = "$(TARGET_NAME)";
				SWIFT_EMIT_LOC_STRINGS = YES;
				SWIFT_VERSION = 5.0;
				TARGETED_DEVICE_FAMILY = "1,2";
			};
			name = Release;
		};
/* End XCBuildConfiguration section */

/* Begin XCConfigurationList section */
		FFF965282A58CFA200BFF33E /* Build configuration list for PBXProject "Xylophone" */ = {
			isa = XCConfigurationList;
			buildConfigurations = (
				FFF9653F2A58CFA400BFF33E /* Debug */,
				FFF965402A58CFA400BFF33E /* Release */,
			);
			defaultConfigurationIsVisible = 0;
			defaultConfigurationName = Release;
		};
		FFF965412A58CFA400BFF33E /* Build configuration list for PBXNativeTarget "Xylophone" */ = {
			isa = XCConfigurationList;
			buildConfigurations = (
				FFF965422A58CFA400BFF33E /* Debug */,
				FFF965432A58CFA400BFF33E /* Release */,
			);
			defaultConfigurationIsVisible = 0;
			defaultConfigurationName = Release;
		};
/* End XCConfigurationList section */
	};
	rootObject = FFF965252A58CFA200BFF33E /* Project object */;
}
